{
    "version": 3,
    "terraform_version": "0.11.11",
    "serial": 2,
    "lineage": "546526b9-aeb9-8e36-1795-ea3a9a4dc298",
    "modules": [
        {
            "path": [
                "root"
            ],
            "outputs": {
                "InstancePrivateIP": {
                    "sensitive": false,
                    "type": "list",
                    "value": [
                        "10.1.20.2"
                    ]
                },
                "InstancePublicIP": {
                    "sensitive": false,
                    "type": "list",
                    "value": [
                        "132.145.140.122"
                    ]
                }
            },
            "resources": {
                "data.oci_core_vnic.InstanceVnic": {
                    "type": "oci_core_vnic",
                    "depends_on": [
                        "data.oci_core_vnic_attachments.InstanceVnics"
                    ],
                    "primary": {
                        "id": "ocid1.vnic.oc1.iad.abuwcljrqkzquwtr3v5a7qyww3z3yeh42vbfxpk4gocpv3qyccx5gguaa3zq",
                        "attributes": {
                            "availability_domain": "LPEH:US-ASHBURN-AD-1",
                            "compartment_id": "ocid1.compartment.oc1..aaaaaaaa7pgac2bhsfoin2xri4bxyj54yeoouoms2lhoz6qtv63dooweekeq",
                            "defined_tags.%": "0",
                            "display_name": "primaryvnic",
                            "freeform_tags.%": "0",
                            "hostname_label": "tfexampleinstance",
                            "id": "ocid1.vnic.oc1.iad.abuwcljrqkzquwtr3v5a7qyww3z3yeh42vbfxpk4gocpv3qyccx5gguaa3zq",
                            "is_primary": "true",
                            "mac_address": "00:00:17:00:74:26",
                            "private_ip_address": "10.1.20.2",
                            "public_ip_address": "132.145.140.122",
                            "skip_source_dest_check": "false",
                            "state": "AVAILABLE",
                            "subnet_id": "ocid1.subnet.oc1.iad.aaaaaaaavw2s24bouci7i7wezh7xbcjz4cesrf6tr7lcfh2pveuln7fccgrq",
                            "time_created": "2019-03-05 21:38:38.231 +0000 UTC",
                            "vnic_id": "ocid1.vnic.oc1.iad.abuwcljrqkzquwtr3v5a7qyww3z3yeh42vbfxpk4gocpv3qyccx5gguaa3zq"
                        },
                        "meta": {},
                        "tainted": false
                    },
                    "deposed": [],
                    "provider": "provider.oci"
                },
                "data.oci_core_vnic_attachments.InstanceVnics": {
                    "type": "oci_core_vnic_attachments",
                    "depends_on": [
                        "data.oci_identity_availability_domains.ADs",
                        "oci_core_instance.TFInstance"
                    ],
                    "primary": {
                        "id": "2019-03-05 21:39:58.674539283 +0000 UTC",
                        "attributes": {
                            "availability_domain": "LPEH:US-ASHBURN-AD-1",
                            "compartment_id": "ocid1.compartment.oc1..aaaaaaaa7pgac2bhsfoin2xri4bxyj54yeoouoms2lhoz6qtv63dooweekeq",
                            "id": "2019-03-05 21:39:58.674539283 +0000 UTC",
                            "instance_id": "ocid1.instance.oc1.iad.abuwcljr7njbcjmhqys2na4qhn3fuo7l75hfeldn5roiny5jaaq3y7frtfbq",
                            "vnic_attachments.#": "1",
                            "vnic_attachments.0.availability_domain": "LPEH:US-ASHBURN-AD-1",
                            "vnic_attachments.0.compartment_id": "ocid1.compartment.oc1..aaaaaaaa7pgac2bhsfoin2xri4bxyj54yeoouoms2lhoz6qtv63dooweekeq",
                            "vnic_attachments.0.create_vnic_details.#": "0",
                            "vnic_attachments.0.display_name": "",
                            "vnic_attachments.0.id": "ocid1.vnicattachment.oc1.iad.abuwcljramuybxpmonzquo3ys2xr6s6bkwhjplt65sjxwp4b4m2fxonr44kq",
                            "vnic_attachments.0.instance_id": "ocid1.instance.oc1.iad.abuwcljr7njbcjmhqys2na4qhn3fuo7l75hfeldn5roiny5jaaq3y7frtfbq",
                            "vnic_attachments.0.nic_index": "0",
                            "vnic_attachments.0.state": "ATTACHED",
                            "vnic_attachments.0.subnet_id": "ocid1.subnet.oc1.iad.aaaaaaaavw2s24bouci7i7wezh7xbcjz4cesrf6tr7lcfh2pveuln7fccgrq",
                            "vnic_attachments.0.time_created": "2019-03-05 21:38:38.415 +0000 UTC",
                            "vnic_attachments.0.vlan_tag": "4069",
                            "vnic_attachments.0.vnic_id": "ocid1.vnic.oc1.iad.abuwcljrqkzquwtr3v5a7qyww3z3yeh42vbfxpk4gocpv3qyccx5gguaa3zq"
                        },
                        "meta": {},
                        "tainted": false
                    },
                    "deposed": [],
                    "provider": "provider.oci"
                },
                "data.oci_identity_availability_domains.ADs": {
                    "type": "oci_identity_availability_domains",
                    "depends_on": [],
                    "primary": {
                        "id": "2019-03-05 21:38:26.951306212 +0000 UTC",
                        "attributes": {
                            "availability_domains.#": "3",
                            "availability_domains.0.compartment_id": "ocid1.tenancy.oc1..aaaaaaaao2ofjdeofigj2zxstkcenp5hvcxit5r2iaey6oglfzqljeyzdijq",
                            "availability_domains.0.id": "ocid1.availabilitydomain.oc1..aaaaaaaauvt2n7pijol7uqgdnnsoojcukrijtmcltvfwxazmitk235wyohta",
                            "availability_domains.0.name": "LPEH:US-ASHBURN-AD-1",
                            "availability_domains.1.compartment_id": "ocid1.tenancy.oc1..aaaaaaaao2ofjdeofigj2zxstkcenp5hvcxit5r2iaey6oglfzqljeyzdijq",
                            "availability_domains.1.id": "ocid1.availabilitydomain.oc1..aaaaaaaatrwxaogr7dl4yschqtrmqrdv6uzis3mgbnomiagqrfhcb7mxsfdq",
                            "availability_domains.1.name": "LPEH:US-ASHBURN-AD-2",
                            "availability_domains.2.compartment_id": "ocid1.tenancy.oc1..aaaaaaaao2ofjdeofigj2zxstkcenp5hvcxit5r2iaey6oglfzqljeyzdijq",
                            "availability_domains.2.id": "ocid1.availabilitydomain.oc1..aaaaaaaaztunlny6ae4yw2vghp5go2zceaonwp6wiioe3tnh2vlaxjjl2n3a",
                            "availability_domains.2.name": "LPEH:US-ASHBURN-AD-3",
                            "compartment_id": "ocid1.tenancy.oc1..aaaaaaaao2ofjdeofigj2zxstkcenp5hvcxit5r2iaey6oglfzqljeyzdijq",
                            "id": "2019-03-05 21:38:26.951306212 +0000 UTC"
                        },
                        "meta": {},
                        "tainted": false
                    },
                    "deposed": [],
                    "provider": "provider.oci"
                },
                "null_resource.remote-exec": {
                    "type": "null_resource",
                    "depends_on": [
                        "data.oci_core_vnic.InstanceVnic"
                    ],
                    "primary": {
                        "id": "1522289564189288637",
                        "attributes": {
                            "id": "1522289564189288637"
                        },
                        "meta": {},
                        "tainted": false
                    },
                    "deposed": [],
                    "provider": "provider.null"
                },
                "oci_core_instance.TFInstance": {
                    "type": "oci_core_instance",
                    "depends_on": [
                        "data.oci_identity_availability_domains.ADs",
                        "oci_core_subnet.ExampleSubnet"
                    ],
                    "primary": {
                        "id": "ocid1.instance.oc1.iad.abuwcljr7njbcjmhqys2na4qhn3fuo7l75hfeldn5roiny5jaaq3y7frtfbq",
                        "attributes": {
                            "agent_config.#": "1",
                            "agent_config.0.is_monitoring_disabled": "false",
                            "availability_domain": "LPEH:US-ASHBURN-AD-1",
                            "boot_volume_id": "ocid1.bootvolume.oc1.iad.abuwcljriza6szgjyx3iymyk3lnyoukv2zooepmm5ckubluy2wop4xyzzvca",
                            "compartment_id": "ocid1.compartment.oc1..aaaaaaaa7pgac2bhsfoin2xri4bxyj54yeoouoms2lhoz6qtv63dooweekeq",
                            "create_vnic_details.#": "1",
                            "create_vnic_details.0.assign_public_ip": "true",
                            "create_vnic_details.0.defined_tags.%": "0",
                            "create_vnic_details.0.display_name": "primaryvnic",
                            "create_vnic_details.0.freeform_tags.%": "0",
                            "create_vnic_details.0.hostname_label": "tfexampleinstance",
                            "create_vnic_details.0.private_ip": "10.1.20.2",
                            "create_vnic_details.0.skip_source_dest_check": "false",
                            "create_vnic_details.0.subnet_id": "ocid1.subnet.oc1.iad.aaaaaaaavw2s24bouci7i7wezh7xbcjz4cesrf6tr7lcfh2pveuln7fccgrq",
                            "defined_tags.%": "0",
                            "display_name": "TFInstance",
                            "fault_domain": "FAULT-DOMAIN-1",
                            "freeform_tags.%": "0",
                            "hostname_label": "tfexampleinstance",
                            "id": "ocid1.instance.oc1.iad.abuwcljr7njbcjmhqys2na4qhn3fuo7l75hfeldn5roiny5jaaq3y7frtfbq",
                            "image": "ocid1.image.oc1.iad.aaaaaaaautkmgjebjmwym5i6lvlpqfzlzagvg5szedggdrbp6rcjcso3e4kq",
                            "launch_mode": "NATIVE",
                            "launch_options.#": "1",
                            "launch_options.0.boot_volume_type": "ISCSI",
                            "launch_options.0.firmware": "UEFI_64",
                            "launch_options.0.is_consistent_volume_naming_enabled": "false",
                            "launch_options.0.is_pv_encryption_in_transit_enabled": "false",
                            "launch_options.0.network_type": "VFIO",
                            "launch_options.0.remote_data_volume_type": "PARAVIRTUALIZED",
                            "metadata.%": "2",
                            "metadata.ssh_authorized_keys": "ssh-rsa AAAAB3NzaC1yc2EAAAADAQABAAABAQDgeaW4924jsqGnsiJW4zYTepwuT2htPcHftaVIOyx6HUETohuBUU1FkweOeteyCvYmttKN0vxrYBAjJ46bIulNL1FVfCERZexPH61Q/ZTxLRj0iAXlhFB2yi8P++P9ji5hQdKOEl4mpmvMWlbggk9AsUcT25aE+xpC8jBa2Uv6LkmxJ+IyzRmPl1+cyeMm8mZhkGMGiNbj2Cvv3DxClYruOF7bvudmDjtLhy2iV9DybOB5sT5HH7K9isNRKeSU5yxgJfdtkXyn00X3f23NVb/Yd8mdC04+WC88avuXmtogxhVp0GNn46hukh/rkQgwGMwekTtrGLdoga7bHz8FWcsR id_rsa",
                            "metadata.user_data": "IyEvYmluL2Jhc2gNCnRvdWNoIC9yb290L3N0YXJ0aW5nX3J1bg0KeXVtIHVwZGF0ZSAteQ0KdG91Y2ggL3Jvb3QvcnVuX2NvbXBsZXRlDQo=",
                            "private_ip": "10.1.20.2",
                            "public_ip": "132.145.140.122",
                            "region": "iad",
                            "shape": "VM.Standard1.2",
                            "source_details.#": "1",
                            "source_details.0.boot_volume_size_in_gbs": "47",
                            "source_details.0.kms_key_id": "",
                            "source_details.0.source_id": "ocid1.image.oc1.iad.aaaaaaaautkmgjebjmwym5i6lvlpqfzlzagvg5szedggdrbp6rcjcso3e4kq",
                            "source_details.0.source_type": "image",
                            "state": "RUNNING",
                            "subnet_id": "ocid1.subnet.oc1.iad.aaaaaaaavw2s24bouci7i7wezh7xbcjz4cesrf6tr7lcfh2pveuln7fccgrq",
                            "time_created": "2019-03-05 21:38:36.084 +0000 UTC",
                            "time_maintenance_reboot_due": ""
                        },
                        "meta": {
                            "e2bfb730-ecaa-11e6-8f88-34363bc7c4c0": {
                                "create": 3600000000000,
                                "delete": 7200000000000,
                                "update": 7200000000000
                            }
                        },
                        "tainted": false
                    },
                    "deposed": [],
                    "provider": "provider.oci"
                },
                "oci_core_internet_gateway.ExampleIG": {
                    "type": "oci_core_internet_gateway",
                    "depends_on": [
                        "oci_core_virtual_network.ExampleVCN"
                    ],
                    "primary": {
                        "id": "ocid1.internetgateway.oc1.iad.aaaaaaaa7752vvvkgqfgex5ttqcz6ny4jgavbr667req2xrqteqlciluxbiq",
                        "attributes": {
                            "compartment_id": "ocid1.compartment.oc1..aaaaaaaa7pgac2bhsfoin2xri4bxyj54yeoouoms2lhoz6qtv63dooweekeq",
                            "defined_tags.%": "0",
                            "display_name": "TFExampleIG",
                            "enabled": "true",
                            "freeform_tags.%": "0",
                            "id": "ocid1.internetgateway.oc1.iad.aaaaaaaa7752vvvkgqfgex5ttqcz6ny4jgavbr667req2xrqteqlciluxbiq",
                            "state": "AVAILABLE",
                            "time_created": "2019-03-05 21:38:32.676 +0000 UTC",
                            "vcn_id": "ocid1.vcn.oc1.iad.aaaaaaaaic37e4cjv2s3zfnundhnhaobkikpj3xiyr6uimsbvvomjyzjuw7a"
                        },
                        "meta": {
                            "e2bfb730-ecaa-11e6-8f88-34363bc7c4c0": {
                                "create": 900000000000,
                                "delete": 900000000000,
                                "update": 900000000000
                            }
                        },
                        "tainted": false
                    },
                    "deposed": [],
                    "provider": "provider.oci"
                },
                "oci_core_route_table.ExampleRT": {
                    "type": "oci_core_route_table",
                    "depends_on": [
                        "oci_core_internet_gateway.ExampleIG",
                        "oci_core_virtual_network.ExampleVCN"
                    ],
                    "primary": {
                        "id": "ocid1.routetable.oc1.iad.aaaaaaaahqugbn32ofwgyivpnuauczufnzvvrtdv7gcashfywerzy6w5i7ya",
                        "attributes": {
                            "compartment_id": "ocid1.compartment.oc1..aaaaaaaa7pgac2bhsfoin2xri4bxyj54yeoouoms2lhoz6qtv63dooweekeq",
                            "defined_tags.%": "0",
                            "display_name": "TFExampleRouteTable",
                            "freeform_tags.%": "0",
                            "id": "ocid1.routetable.oc1.iad.aaaaaaaahqugbn32ofwgyivpnuauczufnzvvrtdv7gcashfywerzy6w5i7ya",
                            "route_rules.#": "1",
                            "route_rules.3833343616.cidr_block": "0.0.0.0/0",
                            "route_rules.3833343616.destination": "0.0.0.0/0",
                            "route_rules.3833343616.destination_type": "CIDR_BLOCK",
                            "route_rules.3833343616.network_entity_id": "ocid1.internetgateway.oc1.iad.aaaaaaaa7752vvvkgqfgex5ttqcz6ny4jgavbr667req2xrqteqlciluxbiq",
                            "state": "AVAILABLE",
                            "time_created": "2019-03-05 21:38:33.413 +0000 UTC",
                            "vcn_id": "ocid1.vcn.oc1.iad.aaaaaaaaic37e4cjv2s3zfnundhnhaobkikpj3xiyr6uimsbvvomjyzjuw7a"
                        },
                        "meta": {
                            "e2bfb730-ecaa-11e6-8f88-34363bc7c4c0": {
                                "create": 900000000000,
                                "delete": 900000000000,
                                "update": 900000000000
                            }
                        },
                        "tainted": false
                    },
                    "deposed": [],
                    "provider": "provider.oci"
                },
                "oci_core_subnet.ExampleSubnet": {
                    "type": "oci_core_subnet",
                    "depends_on": [
                        "data.oci_identity_availability_domains.ADs",
                        "oci_core_route_table.ExampleRT",
                        "oci_core_virtual_network.ExampleVCN"
                    ],
                    "primary": {
                        "id": "ocid1.subnet.oc1.iad.aaaaaaaavw2s24bouci7i7wezh7xbcjz4cesrf6tr7lcfh2pveuln7fccgrq",
                        "attributes": {
                            "availability_domain": "LPEH:US-ASHBURN-AD-1",
                            "cidr_block": "10.1.20.0/24",
                            "compartment_id": "ocid1.compartment.oc1..aaaaaaaa7pgac2bhsfoin2xri4bxyj54yeoouoms2lhoz6qtv63dooweekeq",
                            "defined_tags.%": "0",
                            "dhcp_options_id": "ocid1.dhcpoptions.oc1.iad.aaaaaaaarc42mxqwb3xxoqegp5di6tfcaqxacbe3q6nxxpg74ipslxqinzqq",
                            "display_name": "TFExampleSubnet",
                            "dns_label": "tfexamplesubnet",
                            "freeform_tags.%": "0",
                            "id": "ocid1.subnet.oc1.iad.aaaaaaaavw2s24bouci7i7wezh7xbcjz4cesrf6tr7lcfh2pveuln7fccgrq",
                            "prohibit_public_ip_on_vnic": "false",
                            "route_table_id": "ocid1.routetable.oc1.iad.aaaaaaaahqugbn32ofwgyivpnuauczufnzvvrtdv7gcashfywerzy6w5i7ya",
                            "security_list_ids.#": "1",
                            "security_list_ids.3959833378": "ocid1.securitylist.oc1.iad.aaaaaaaa34zujoj3t4warmiga2oluwwakucn264axs7bymoxyhpwqq3sy4yq",
                            "state": "AVAILABLE",
                            "subnet_domain_name": "tfexamplesubnet.tfexamplevcn.oraclevcn.com",
                            "time_created": "2019-03-05 21:38:33.946 +0000 UTC",
                            "vcn_id": "ocid1.vcn.oc1.iad.aaaaaaaaic37e4cjv2s3zfnundhnhaobkikpj3xiyr6uimsbvvomjyzjuw7a",
                            "virtual_router_ip": "10.1.20.1",
                            "virtual_router_mac": "00:00:17:12:AF:AE"
                        },
                        "meta": {
                            "e2bfb730-ecaa-11e6-8f88-34363bc7c4c0": {
                                "create": 900000000000,
                                "delete": 900000000000,
                                "update": 900000000000
                            }
                        },
                        "tainted": false
                    },
                    "deposed": [],
                    "provider": "provider.oci"
                },
                "oci_core_virtual_network.ExampleVCN": {
                    "type": "oci_core_virtual_network",
                    "depends_on": [],
                    "primary": {
                        "id": "ocid1.vcn.oc1.iad.aaaaaaaaic37e4cjv2s3zfnundhnhaobkikpj3xiyr6uimsbvvomjyzjuw7a",
                        "attributes": {
                            "cidr_block": "10.1.0.0/16",
                            "compartment_id": "ocid1.compartment.oc1..aaaaaaaa7pgac2bhsfoin2xri4bxyj54yeoouoms2lhoz6qtv63dooweekeq",
                            "default_dhcp_options_id": "ocid1.dhcpoptions.oc1.iad.aaaaaaaarc42mxqwb3xxoqegp5di6tfcaqxacbe3q6nxxpg74ipslxqinzqq",
                            "default_route_table_id": "ocid1.routetable.oc1.iad.aaaaaaaa3rbcich5apqw3ff3qvf6lpw7n2k2kqvledoxr2rsqjfzqawof4yq",
                            "default_security_list_id": "ocid1.securitylist.oc1.iad.aaaaaaaa34zujoj3t4warmiga2oluwwakucn264axs7bymoxyhpwqq3sy4yq",
                            "defined_tags.%": "0",
                            "display_name": "TFExampleVCN",
                            "dns_label": "tfexamplevcn",
                            "freeform_tags.%": "0",
                            "id": "ocid1.vcn.oc1.iad.aaaaaaaaic37e4cjv2s3zfnundhnhaobkikpj3xiyr6uimsbvvomjyzjuw7a",
                            "state": "AVAILABLE",
                            "time_created": "2019-03-05 21:38:31.65 +0000 UTC",
                            "vcn_domain_name": "tfexamplevcn.oraclevcn.com"
                        },
                        "meta": {
                            "e2bfb730-ecaa-11e6-8f88-34363bc7c4c0": {
                                "create": 900000000000,
                                "delete": 900000000000,
                                "update": 900000000000
                            }
                        },
                        "tainted": false
                    },
                    "deposed": [],
                    "provider": "provider.oci"
                }
            },
            "depends_on": []
        }
    ]
}
